# Version constraints for the Stage 0 Python 3.11/3.12 development environment.
# Install the project with PIP_CONSTRAINT pointing to this file. These pin
# versions, not wheel hashes; package provenance and build isolation remain
# explicit limitations in docs/stage0/baseline.json.
ast-serialize==0.11.2
coverage==7.16.1
hypothesis==6.168.1
iniconfig==2.3.0
librt==0.15.0
mypy==2.3.1
mypy-extensions==1.1.0
packaging==26.3
pathspec==1.1.1
pluggy==1.6.0
Pygments==2.21.0
pytest==9.1.1
pytest-cov==7.1.0
ruff==0.16.8
setuptools==84.0.0
sortedcontainers==2.4.0
typing-extensions==4.16.0
